
Microsoft Visual Studio Solution File, Format Version 12.00
# Visual Studio Version 16
VisualStudioVersion = 16.0.29721.120
MinimumVisualStudioVersion = 10.0.40219.1
Project("{9A19103F-16F7-4668-BE54-9A1E7A4F7556}") = "Taxi.Common", "Taxi.Common\Taxi.Common.csproj", "{37A5252F-E7B0-4AE2-8179-5992745EA876}"
EndProject
Project("{9A19103F-16F7-4668-BE54-9A1E7A4F7556}") = "Taxi.Web", "Taxi.Web\Taxi.Web.csproj", "{129B348F-F81E-45DB-A596-0F07E2AD1E64}"
EndProject
Project("{9A19103F-16F7-4668-BE54-9A1E7A4F7556}") = "Taxi.Prism", "Taxi.Prism\Taxi.Prism\Taxi.Prism.csproj", "{1488D10A-25AA-4B71-A725-DAC823988A55}"
EndProject
Project("{FAE04EC0-301F-11D3-BF4B-00C04F79EFBC}") = "Taxi.Prism.Android", "Taxi.Prism\Taxi.Prism.Android\Taxi.Prism.Android.csproj", "{E2BF0D36-D47D-4FFD-80F1-719EE18F801A}"
EndProject
Project("{FAE04EC0-301F-11D3-BF4B-00C04F79EFBC}") = "Taxi.Cross.Android", "Taxi.Cross.Android\Taxi.Cross.Android.csproj", "{C1B256A3-00DE-4D50-BEB1-8761C75AEE27}"
EndProject
Global
	GlobalSection(SolutionConfigurationPlatforms) = preSolution
		Ad-Hoc|Any CPU = Ad-Hoc|Any CPU
		Ad-Hoc|iPhone = Ad-Hoc|iPhone
		Ad-Hoc|iPhoneSimulator = Ad-Hoc|iPhoneSimulator
		AppStore|Any CPU = AppStore|Any CPU
		AppStore|iPhone = AppStore|iPhone
		AppStore|iPhoneSimulator = AppStore|iPhoneSimulator
		Debug|Any CPU = Debug|Any CPU
		Debug|iPhone = Debug|iPhone
		Debug|iPhoneSimulator = Debug|iPhoneSimulator
		Release|Any CPU = Release|Any CPU
		Release|iPhone = Release|iPhone
		Release|iPhoneSimulator = Release|iPhoneSimulator
	EndGlobalSection
	GlobalSection(ProjectConfigurationPlatforms) = postSolution
		{37A5252F-E7B0-4AE2-8179-5992745EA876}.Ad-Hoc|Any CPU.ActiveCfg = Release|Any CPU
		{37A5252F-E7B0-4AE2-8179-5992745EA876}.Ad-Hoc|Any CPU.Build.0 = Release|Any CPU
		{37A5252F-E7B0-4AE2-8179-5992745EA876}.Ad-Hoc|iPhone.ActiveCfg = Release|Any CPU
		{37A5252F-E7B0-4AE2-8179-5992745EA876}.Ad-Hoc|iPhone.Build.0 = Release|Any CPU
		{37A5252F-E7B0-4AE2-8179-5992745EA876}.Ad-Hoc|iPhoneSimulator.ActiveCfg = Release|Any CPU
		{37A5252F-E7B0-4AE2-8179-5992745EA876}.Ad-Hoc|iPhoneSimulator.Build.0 = Release|Any CPU
		{37A5252F-E7B0-4AE2-8179-5992745EA876}.AppStore|Any CPU.ActiveCfg = Release|Any CPU
		{37A5252F-E7B0-4AE2-8179-5992745EA876}.AppStore|Any CPU.Build.0 = Release|Any CPU
		{37A5252F-E7B0-4AE2-8179-5992745EA876}.AppStore|iPhone.ActiveCfg = Release|Any CPU
		{37A5252F-E7B0-4AE2-8179-5992745EA876}.AppStore|iPhone.Build.0 = Release|Any CPU
		{37A5252F-E7B0-4AE2-8179-5992745EA876}.AppStore|iPhoneSimulator.ActiveCfg = Release|Any CPU
		{37A5252F-E7B0-4AE2-8179-5992745EA876}.AppStore|iPhoneSimulator.Build.0 = Release|Any CPU
		{37A5252F-E7B0-4AE2-8179-5992745EA876}.Debug|Any CPU.ActiveCfg = Debug|Any CPU
		{37A5252F-E7B0-4AE2-8179-5992745EA876}.Debug|Any CPU.Build.0 = Debug|Any CPU
		{37A5252F-E7B0-4AE2-8179-5992745EA876}.Debug|iPhone.ActiveCfg = Debug|Any CPU
		{37A5252F-E7B0-4AE2-8179-5992745EA876}.Debug|iPhone.Build.0 = Debug|Any CPU
		{37A5252F-E7B0-4AE2-8179-5992745EA876}.Debug|iPhoneSimulator.ActiveCfg = Debug|Any CPU
		{37A5252F-E7B0-4AE2-8179-5992745EA876}.Debug|iPhoneSimulator.Build.0 = Debug|Any CPU
		{37A5252F-E7B0-4AE2-8179-5992745EA876}.Release|Any CPU.ActiveCfg = Release|Any CPU
		{37A5252F-E7B0-4AE2-8179-5992745EA876}.Release|Any CPU.Build.0 = Release|Any CPU
		{37A5252F-E7B0-4AE2-8179-5992745EA876}.Release|iPhone.ActiveCfg = Release|Any CPU
		{37A5252F-E7B0-4AE2-8179-5992745EA876}.Release|iPhone.Build.0 = Release|Any CPU
		{37A5252F-E7B0-4AE2-8179-5992745EA876}.Release|iPhoneSimulator.ActiveCfg = Release|Any CPU
		{37A5252F-E7B0-4AE2-8179-5992745EA876}.Release|iPhoneSimulator.Build.0 = Release|Any CPU
		{129B348F-F81E-45DB-A596-0F07E2AD1E64}.Ad-Hoc|Any CPU.ActiveCfg = Release|Any CPU
		{129B348F-F81E-45DB-A596-0F07E2AD1E64}.Ad-Hoc|Any CPU.Build.0 = Release|Any CPU
		{129B348F-F81E-45DB-A596-0F07E2AD1E64}.Ad-Hoc|iPhone.ActiveCfg = Release|Any CPU
		{129B348F-F81E-45DB-A596-0F07E2AD1E64}.Ad-Hoc|iPhone.Build.0 = Release|Any CPU
		{129B348F-F81E-45DB-A596-0F07E2AD1E64}.Ad-Hoc|iPhoneSimulator.ActiveCfg = Release|Any CPU
		{129B348F-F81E-45DB-A596-0F07E2AD1E64}.Ad-Hoc|iPhoneSimulator.Build.0 = Release|Any CPU
		{129B348F-F81E-45DB-A596-0F07E2AD1E64}.AppStore|Any CPU.ActiveCfg = Release|Any CPU
		{129B348F-F81E-45DB-A596-0F07E2AD1E64}.AppStore|Any CPU.Build.0 = Release|Any CPU
		{129B348F-F81E-45DB-A596-0F07E2AD1E64}.AppStore|iPhone.ActiveCfg = Release|Any CPU
		{129B348F-F81E-45DB-A596-0F07E2AD1E64}.AppStore|iPhone.Build.0 = Release|Any CPU
		{129B348F-F81E-45DB-A596-0F07E2AD1E64}.AppStore|iPhoneSimulator.ActiveCfg = Release|Any CPU
		{129B348F-F81E-45DB-A596-0F07E2AD1E64}.AppStore|iPhoneSimulator.Build.0 = Release|Any CPU
		{129B348F-F81E-45DB-A596-0F07E2AD1E64}.Debug|Any CPU.ActiveCfg = Debug|Any CPU
		{129B348F-F81E-45DB-A596-0F07E2AD1E64}.Debug|Any CPU.Build.0 = Debug|Any CPU
		{129B348F-F81E-45DB-A596-0F07E2AD1E64}.Debug|iPhone.ActiveCfg = Debug|Any CPU
		{129B348F-F81E-45DB-A596-0F07E2AD1E64}.Debug|iPhone.Build.0 = Debug|Any CPU
		{129B348F-F81E-45DB-A596-0F07E2AD1E64}.Debug|iPhoneSimulator.ActiveCfg = Debug|Any CPU
		{129B348F-F81E-45DB-A596-0F07E2AD1E64}.Debug|iPhoneSimulator.Build.0 = Debug|Any CPU
		{129B348F-F81E-45DB-A596-0F07E2AD1E64}.Release|Any CPU.ActiveCfg = Release|Any CPU
		{129B348F-F81E-45DB-A596-0F07E2AD1E64}.Release|Any CPU.Build.0 = Release|Any CPU
		{129B348F-F81E-45DB-A596-0F07E2AD1E64}.Release|iPhone.ActiveCfg = Release|Any CPU
		{129B348F-F81E-45DB-A596-0F07E2AD1E64}.Release|iPhone.Build.0 = Release|Any CPU
		{129B348F-F81E-45DB-A596-0F07E2AD1E64}.Release|iPhoneSimulator.ActiveCfg = Release|Any CPU
		{129B348F-F81E-45DB-A596-0F07E2AD1E64}.Release|iPhoneSimulator.Build.0 = Release|Any CPU
		{1488D10A-25AA-4B71-A725-DAC823988A55}.Ad-Hoc|Any CPU.ActiveCfg = Debug|Any CPU
		{1488D10A-25AA-4B71-A725-DAC823988A55}.Ad-Hoc|Any CPU.Build.0 = Debug|Any CPU
		{1488D10A-25AA-4B71-A725-DAC823988A55}.Ad-Hoc|iPhone.ActiveCfg = Debug|Any CPU
		{1488D10A-25AA-4B71-A725-DAC823988A55}.Ad-Hoc|iPhone.Build.0 = Debug|Any CPU
		{1488D10A-25AA-4B71-A725-DAC823988A55}.Ad-Hoc|iPhoneSimulator.ActiveCfg = Debug|Any CPU
		{1488D10A-25AA-4B71-A725-DAC823988A55}.Ad-Hoc|iPhoneSimulator.Build.0 = Debug|Any CPU
		{1488D10A-25AA-4B71-A725-DAC823988A55}.AppStore|Any CPU.ActiveCfg = Debug|Any CPU
		{1488D10A-25AA-4B71-A725-DAC823988A55}.AppStore|Any CPU.Build.0 = Debug|Any CPU
		{1488D10A-25AA-4B71-A725-DAC823988A55}.AppStore|iPhone.ActiveCfg = Debug|Any CPU
		{1488D10A-25AA-4B71-A725-DAC823988A55}.AppStore|iPhone.Build.0 = Debug|Any CPU
		{1488D10A-25AA-4B71-A725-DAC823988A55}.AppStore|iPhoneSimulator.ActiveCfg = Debug|Any CPU
		{1488D10A-25AA-4B71-A725-DAC823988A55}.AppStore|iPhoneSimulator.Build.0 = Debug|Any CPU
		{1488D10A-25AA-4B71-A725-DAC823988A55}.Debug|Any CPU.ActiveCfg = Debug|Any CPU
		{1488D10A-25AA-4B71-A725-DAC823988A55}.Debug|Any CPU.Build.0 = Debug|Any CPU
		{1488D10A-25AA-4B71-A725-DAC823988A55}.Debug|iPhone.ActiveCfg = Debug|Any CPU
		{1488D10A-25AA-4B71-A725-DAC823988A55}.Debug|iPhone.Build.0 = Debug|Any CPU
		{1488D10A-25AA-4B71-A725-DAC823988A55}.Debug|iPhoneSimulator.ActiveCfg = Debug|Any CPU
		{1488D10A-25AA-4B71-A725-DAC823988A55}.Debug|iPhoneSimulator.Build.0 = Debug|Any CPU
		{1488D10A-25AA-4B71-A725-DAC823988A55}.Release|Any CPU.ActiveCfg = Release|Any CPU
		{1488D10A-25AA-4B71-A725-DAC823988A55}.Release|Any CPU.Build.0 = Release|Any CPU
		{1488D10A-25AA-4B71-A725-DAC823988A55}.Release|iPhone.ActiveCfg = Release|Any CPU
		{1488D10A-25AA-4B71-A725-DAC823988A55}.Release|iPhone.Build.0 = Release|Any CPU
		{1488D10A-25AA-4B71-A725-DAC823988A55}.Release|iPhoneSimulator.ActiveCfg = Release|Any CPU
		{1488D10A-25AA-4B71-A725-DAC823988A55}.Release|iPhoneSimulator.Build.0 = Release|Any CPU
		{E2BF0D36-D47D-4FFD-80F1-719EE18F801A}.Ad-Hoc|Any CPU.ActiveCfg = Release|Any CPU
		{E2BF0D36-D47D-4FFD-80F1-719EE18F801A}.Ad-Hoc|Any CPU.Build.0 = Release|Any CPU
		{E2BF0D36-D47D-4FFD-80F1-719EE18F801A}.Ad-Hoc|Any CPU.Deploy.0 = Release|Any CPU
		{E2BF0D36-D47D-4FFD-80F1-719EE18F801A}.Ad-Hoc|iPhone.ActiveCfg = Release|Any CPU
		{E2BF0D36-D47D-4FFD-80F1-719EE18F801A}.Ad-Hoc|iPhone.Build.0 = Release|Any CPU
		{E2BF0D36-D47D-4FFD-80F1-719EE18F801A}.Ad-Hoc|iPhone.Deploy.0 = Release|Any CPU
		{E2BF0D36-D47D-4FFD-80F1-719EE18F801A}.Ad-Hoc|iPhoneSimulator.ActiveCfg = Release|Any CPU
		{E2BF0D36-D47D-4FFD-80F1-719EE18F801A}.Ad-Hoc|iPhoneSimulator.Build.0 = Release|Any CPU
		{E2BF0D36-D47D-4FFD-80F1-719EE18F801A}.Ad-Hoc|iPhoneSimulator.Deploy.0 = Release|Any CPU
		{E2BF0D36-D47D-4FFD-80F1-719EE18F801A}.AppStore|Any CPU.ActiveCfg = Release|Any CPU
		{E2BF0D36-D47D-4FFD-80F1-719EE18F801A}.AppStore|Any CPU.Build.0 = Release|Any CPU
		{E2BF0D36-D47D-4FFD-80F1-719EE18F801A}.AppStore|Any CPU.Deploy.0 = Release|Any CPU
		{E2BF0D36-D47D-4FFD-80F1-719EE18F801A}.AppStore|iPhone.ActiveCfg = Release|Any CPU
		{E2BF0D36-D47D-4FFD-80F1-719EE18F801A}.AppStore|iPhone.Build.0 = Release|Any CPU
		{E2BF0D36-D47D-4FFD-80F1-719EE18F801A}.AppStore|iPhone.Deploy.0 = Release|Any CPU
		{E2BF0D36-D47D-4FFD-80F1-719EE18F801A}.AppStore|iPhoneSimulator.ActiveCfg = Release|Any CPU
		{E2BF0D36-D47D-4FFD-80F1-719EE18F801A}.AppStore|iPhoneSimulator.Build.0 = Release|Any CPU
		{E2BF0D36-D47D-4FFD-80F1-719EE18F801A}.AppStore|iPhoneSimulator.Deploy.0 = Release|Any CPU
		{E2BF0D36-D47D-4FFD-80F1-719EE18F801A}.Debug|Any CPU.ActiveCfg = Debug|Any CPU
		{E2BF0D36-D47D-4FFD-80F1-719EE18F801A}.Debug|Any CPU.Build.0 = Debug|Any CPU
		{E2BF0D36-D47D-4FFD-80F1-719EE18F801A}.Debug|Any CPU.Deploy.0 = Debug|Any CPU
		{E2BF0D36-D47D-4FFD-80F1-719EE18F801A}.Debug|iPhone.ActiveCfg = Debug|Any CPU
		{E2BF0D36-D47D-4FFD-80F1-719EE18F801A}.Debug|iPhone.Build.0 = Debug|Any CPU
		{E2BF0D36-D47D-4FFD-80F1-719EE18F801A}.Debug|iPhone.Deploy.0 = Debug|Any CPU
		{E2BF0D36-D47D-4FFD-80F1-719EE18F801A}.Debug|iPhoneSimulator.ActiveCfg = Debug|Any CPU
		{E2BF0D36-D47D-4FFD-80F1-719EE18F801A}.Debug|iPhoneSimulator.Build.0 = Debug|Any CPU
		{E2BF0D36-D47D-4FFD-80F1-719EE18F801A}.Debug|iPhoneSimulator.Deploy.0 = Debug|Any CPU
		{E2BF0D36-D47D-4FFD-80F1-719EE18F801A}.Release|Any CPU.ActiveCfg = Release|Any CPU
		{E2BF0D36-D47D-4FFD-80F1-719EE18F801A}.Release|Any CPU.Build.0 = Release|Any CPU
		{E2BF0D36-D47D-4FFD-80F1-719EE18F801A}.Release|Any CPU.Deploy.0 = Release|Any CPU
		{E2BF0D36-D47D-4FFD-80F1-719EE18F801A}.Release|iPhone.ActiveCfg = Release|Any CPU
		{E2BF0D36-D47D-4FFD-80F1-719EE18F801A}.Release|iPhone.Build.0 = Release|Any CPU
		{E2BF0D36-D47D-4FFD-80F1-719EE18F801A}.Release|iPhone.Deploy.0 = Release|Any CPU
		{E2BF0D36-D47D-4FFD-80F1-719EE18F801A}.Release|iPhoneSimulator.ActiveCfg = Release|Any CPU
		{E2BF0D36-D47D-4FFD-80F1-719EE18F801A}.Release|iPhoneSimulator.Build.0 = Release|Any CPU
		{E2BF0D36-D47D-4FFD-80F1-719EE18F801A}.Release|iPhoneSimulator.Deploy.0 = Release|Any CPU
		{C1B256A3-00DE-4D50-BEB1-8761C75AEE27}.Ad-Hoc|Any CPU.ActiveCfg = Release|Any CPU
		{C1B256A3-00DE-4D50-BEB1-8761C75AEE27}.Ad-Hoc|Any CPU.Build.0 = Release|Any CPU
		{C1B256A3-00DE-4D50-BEB1-8761C75AEE27}.Ad-Hoc|Any CPU.Deploy.0 = Release|Any CPU
		{C1B256A3-00DE-4D50-BEB1-8761C75AEE27}.Ad-Hoc|iPhone.ActiveCfg = Release|Any CPU
		{C1B256A3-00DE-4D50-BEB1-8761C75AEE27}.Ad-Hoc|iPhone.Build.0 = Release|Any CPU
		{C1B256A3-00DE-4D50-BEB1-8761C75AEE27}.Ad-Hoc|iPhone.Deploy.0 = Release|Any CPU
		{C1B256A3-00DE-4D50-BEB1-8761C75AEE27}.Ad-Hoc|iPhoneSimulator.ActiveCfg = Release|Any CPU
		{C1B256A3-00DE-4D50-BEB1-8761C75AEE27}.Ad-Hoc|iPhoneSimulator.Build.0 = Release|Any CPU
		{C1B256A3-00DE-4D50-BEB1-8761C75AEE27}.Ad-Hoc|iPhoneSimulator.Deploy.0 = Release|Any CPU
		{C1B256A3-00DE-4D50-BEB1-8761C75AEE27}.AppStore|Any CPU.ActiveCfg = Release|Any CPU
		{C1B256A3-00DE-4D50-BEB1-8761C75AEE27}.AppStore|Any CPU.Build.0 = Release|Any CPU
		{C1B256A3-00DE-4D50-BEB1-8761C75AEE27}.AppStore|Any CPU.Deploy.0 = Release|Any CPU
		{C1B256A3-00DE-4D50-BEB1-8761C75AEE27}.AppStore|iPhone.ActiveCfg = Release|Any CPU
		{C1B256A3-00DE-4D50-BEB1-8761C75AEE27}.AppStore|iPhone.Build.0 = Release|Any CPU
		{C1B256A3-00DE-4D50-BEB1-8761C75AEE27}.AppStore|iPhone.Deploy.0 = Release|Any CPU
		{C1B256A3-00DE-4D50-BEB1-8761C75AEE27}.AppStore|iPhoneSimulator.ActiveCfg = Release|Any CPU
		{C1B256A3-00DE-4D50-BEB1-8761C75AEE27}.AppStore|iPhoneSimulator.Build.0 = Release|Any CPU
		{C1B256A3-00DE-4D50-BEB1-8761C75AEE27}.AppStore|iPhoneSimulator.Deploy.0 = Release|Any CPU
		{C1B256A3-00DE-4D50-BEB1-8761C75AEE27}.Debug|Any CPU.ActiveCfg = Debug|Any CPU
		{C1B256A3-00DE-4D50-BEB1-8761C75AEE27}.Debug|Any CPU.Build.0 = Debug|Any CPU
		{C1B256A3-00DE-4D50-BEB1-8761C75AEE27}.Debug|Any CPU.Deploy.0 = Debug|Any CPU
		{C1B256A3-00DE-4D50-BEB1-8761C75AEE27}.Debug|iPhone.ActiveCfg = Debug|Any CPU
		{C1B256A3-00DE-4D50-BEB1-8761C75AEE27}.Debug|iPhone.Build.0 = Debug|Any CPU
		{C1B256A3-00DE-4D50-BEB1-8761C75AEE27}.Debug|iPhone.Deploy.0 = Debug|Any CPU
		{C1B256A3-00DE-4D50-BEB1-8761C75AEE27}.Debug|iPhoneSimulator.ActiveCfg = Debug|Any CPU
		{C1B256A3-00DE-4D50-BEB1-8761C75AEE27}.Debug|iPhoneSimulator.Build.0 = Debug|Any CPU
		{C1B256A3-00DE-4D50-BEB1-8761C75AEE27}.Debug|iPhoneSimulator.Deploy.0 = Debug|Any CPU
		{C1B256A3-00DE-4D50-BEB1-8761C75AEE27}.Release|Any CPU.ActiveCfg = Release|Any CPU
		{C1B256A3-00DE-4D50-BEB1-8761C75AEE27}.Release|Any CPU.Build.0 = Release|Any CPU
		{C1B256A3-00DE-4D50-BEB1-8761C75AEE27}.Release|Any CPU.Deploy.0 = Release|Any CPU
		{C1B256A3-00DE-4D50-BEB1-8761C75AEE27}.Release|iPhone.ActiveCfg = Release|Any CPU
		{C1B256A3-00DE-4D50-BEB1-8761C75AEE27}.Release|iPhone.Build.0 = Release|Any CPU
		{C1B256A3-00DE-4D50-BEB1-8761C75AEE27}.Release|iPhone.Deploy.0 = Release|Any CPU
		{C1B256A3-00DE-4D50-BEB1-8761C75AEE27}.Release|iPhoneSimulator.ActiveCfg = Release|Any CPU
		{C1B256A3-00DE-4D50-BEB1-8761C75AEE27}.Release|iPhoneSimulator.Build.0 = Release|Any CPU
		{C1B256A3-00DE-4D50-BEB1-8761C75AEE27}.Release|iPhoneSimulator.Deploy.0 = Release|Any CPU
	EndGlobalSection
	GlobalSection(SolutionProperties) = preSolution
		HideSolutionNode = FALSE
	EndGlobalSection
	GlobalSection(ExtensibilityGlobals) = postSolution
		SolutionGuid = {4D60B1EF-1CBC-41FD-B0CB-5E8005A0BB7F}
	EndGlobalSection
EndGlobal
